
Microsoft Visual Studio Solution File, Format Version 12.00
# Visual Studio 15
VisualStudioVersion = 15.0.26730.8
MinimumVisualStudioVersion = 10.0.40219.1
Project("{FAE04EC0-301F-11D3-BF4B-00C04F79EFBC}") = "Aplikasi_Ekspedisi", "Aplikasi_Ekspedisi\Aplikasi_Ekspedisi.csproj", "{3B506F92-9C64-4808-928D-44D200CBF2FF}"
EndProject
Global
	GlobalSection(SolutionConfigurationPlatforms) = preSolution
		Debug|Any CPU = Debug|Any CPU
		Release|Any CPU = Release|Any CPU
	EndGlobalSection
	GlobalSection(ProjectConfigurationPlatforms) = postSolution
		{3B506F92-9C64-4808-928D-44D200CBF2FF}.Debug|Any CPU.ActiveCfg = Debug|Any CPU
		{3B506F92-9C64-4808-928D-44D200CBF2FF}.Debug|Any CPU.Build.0 = Debug|Any CPU
		{3B506F92-9C64-4808-928D-44D200CBF2FF}.Release|Any CPU.ActiveCfg = Release|Any CPU
		{3B506F92-9C64-4808-928D-44D200CBF2FF}.Release|Any CPU.Build.0 = Release|Any CPU
	EndGlobalSection
	GlobalSection(SolutionProperties) = preSolution
		HideSolutionNode = FALSE
	EndGlobalSection
	GlobalSection(ExtensibilityGlobals) = postSolution
		SolutionGuid = {8269FCF8-350A-4A11-968C-A631F484B509}
	EndGlobalSection
EndGlobal
